<?xml version="1.0" encoding="utf-8"?>
<Project ToolsVersion="4.0" xmlns="http://schemas.microsoft.com/developer/msbuild/2003">
  <ItemGroup>
    <Filter Include="Source Files">
      <UniqueIdentifier>{4FC737F1-C7A5-4376-A066-2A32D752A2FF}</UniqueIdentifier>
      <Extensions>cpp;c;cc;cxx;def;odl;idl;hpj;bat;asm;asmx</Extensions>
    </Filter>
    <Filter Include="Header Files">
      <UniqueIdentifier>{93995380-89BD-4b04-88EB-625FBE52EBFB}</UniqueIdentifier>
      <Extensions>h;hpp;hxx;hm;inl;inc;xsd</Extensions>
    </Filter>
    <Filter Include="Resource Files">
      <UniqueIdentifier>{67DA6AB6-F800-4c08-8B7A-83BB121AAD01}</UniqueIdentifier>
      <Extensions>rc;ico;cur;bmp;dlg;rc2;rct;bin;rgs;gif;jpg;jpeg;jpe;resx;tiff;tif;png;wav</Extensions>
    </Filter>
  </ItemGroup>
  <ItemGroup>
    <ClCompile Include="DeltaGliderXR1_DMG.cpp">
      <Filter>Source Files</Filter>
    </ClCompile>
    <ClCompile Include="DeltaGliderXR1_IO.cpp">
      <Filter>Source Files</Filter>
    </ClCompile>
    <ClCompile Include="DeltaGliderXR1_VC.cpp">
      <Filter>Source Files</Filter>
    </ClCompile>
    <ClCompile Include="SecondaryHUDData.cpp">
      <Filter>Source Files</Filter>
    </ClCompile>
    <ClCompile Include="SubclassPreSteps.cpp">
      <Filter>Source Files</Filter>
    </ClCompile>
    <ClCompile Include="TextBox.cpp">
      <Filter>Source Files</Filter>
    </ClCompile>
    <ClCompile Include="XR1AngularDataComponent.cpp">
      <Filter>Source Files</Filter>
    </ClCompile>
    <ClCompile Include="XR1AnimationPostStep.cpp">
      <Filter>Source Files</Filter>
    </ClCompile>
    <ClCompile Include="XR1Animations.cpp">
      <Filter>Source Files</Filter>
    </ClCompile>
    <ClCompile Include="XR1Areas.cpp">
      <Filter>Source Files</Filter>
    </ClCompile>
    <ClCompile Include="XR1ConfigFileParser.cpp">
      <Filter>Source Files</Filter>
    </ClCompile>
    <ClCompile Include="XR1EngineDisplayComponent.cpp">
      <Filter>Source Files</Filter>
    </ClCompile>
    <ClCompile Include="XR1FuelDisplayComponent.cpp">
      <Filter>Source Files</Filter>
    </ClCompile>
    <ClCompile Include="XR1FuelPostSteps.cpp">
      <Filter>Source Files</Filter>
    </ClCompile>
    <ClCompile Include="XR1HUD.cpp">
      <Filter>Source Files</Filter>
    </ClCompile>
    <ClCompile Include="XR1InstrumentPanels.cpp">
      <Filter>Source Files</Filter>
    </ClCompile>
    <ClCompile Include="XR1Keys.cpp">
      <Filter>Source Files</Filter>
    </ClCompile>
    <ClCompile Include="XR1LowerPanelAreas.cpp">
      <Filter>Source Files</Filter>
    </ClCompile>
    <ClCompile Include="XR1LowerPanelComponents.cpp">
      <Filter>Source Files</Filter>
    </ClCompile>
    <ClCompile Include="XR1MainPanelAreas.cpp">
      <Filter>Source Files</Filter>
    </ClCompile>
    <ClCompile Include="XR1MainPanelComponents.cpp">
      <Filter>Source Files</Filter>
    </ClCompile>
    <ClCompile Include="XR1MFDComponent.cpp">
      <Filter>Source Files</Filter>
    </ClCompile>
    <ClCompile Include="XR1MultiDisplayArea.cpp">
      <Filter>Source Files</Filter>
    </ClCompile>
    <ClCompile Include="XR1PayloadBay.cpp">
      <Filter>Source Files</Filter>
    </ClCompile>
    <ClCompile Include="XR1PayloadDialog.cpp">
      <Filter>Source Files</Filter>
    </ClCompile>
    <ClCompile Include="XR1PayloadScreenAreas.cpp">
      <Filter>Source Files</Filter>
    </ClCompile>
    <ClCompile Include="XR1PostSteps.cpp">
      <Filter>Source Files</Filter>
    </ClCompile>
    <ClCompile Include="XR1PreSteps.cpp">
      <Filter>Source Files</Filter>
    </ClCompile>
    <ClCompile Include="XR1Ramjet.cpp">
      <Filter>Source Files</Filter>
    </ClCompile>
    <ClCompile Include="XR1ThrottleQuadrantComponents.cpp">
      <Filter>Source Files</Filter>
    </ClCompile>
    <ClCompile Include="XR1UpperPanelAreas.cpp">
      <Filter>Source Files</Filter>
    </ClCompile>
    <ClCompile Include="XR1UpperPanelComponents.cpp">
      <Filter>Source Files</Filter>
    </ClCompile>
    <ClCompile Include="XR1VCPanelAreas.cpp">
      <Filter>Source Files</Filter>
    </ClCompile>
    <ClCompile Include="XR1VesselCtrl.cpp">
      <Filter>Source Files</Filter>
    </ClCompile>
    <ClCompile Include="XRVessel.cpp">
      <Filter>Source Files</Filter>
    </ClCompile>
    <ClCompile Include="XRCommon_IO.cpp">
      <Filter>Source Files</Filter>
    </ClCompile>
  </ItemGroup>
  <ItemGroup>
    <ClInclude Include="AreaIDs.h">
      <Filter>Header Files</Filter>
    </ClInclude>
    <ClInclude Include="DeltaGliderXR1.h">
      <Filter>Header Files</Filter>
    </ClInclude>
    <ClInclude Include="resource_common.h">
      <Filter>Header Files</Filter>
    </ClInclude>
    <ClInclude Include="SecondaryHUDData.h">
      <Filter>Header Files</Filter>
    </ClInclude>
    <ClInclude Include="TextBox.h">
      <Filter>Header Files</Filter>
    </ClInclude>
    <ClInclude Include="XR1AngularDataComponent.h">
      <Filter>Header Files</Filter>
    </ClInclude>
    <ClInclude Include="XR1AnimationPostStep.h">
      <Filter>Header Files</Filter>
    </ClInclude>
    <ClInclude Include="XR1Areas.h">
      <Filter>Header Files</Filter>
    </ClInclude>
    <ClInclude Include="XR1Colors.h">
      <Filter>Header Files</Filter>
    </ClInclude>
    <ClInclude Include="XR1Component.h">
      <Filter>Header Files</Filter>
    </ClInclude>
    <ClInclude Include="XR1ConfigFileParser.h">
      <Filter>Header Files</Filter>
    </ClInclude>
    <ClInclude Include="XR1EngineDisplayComponent.h">
      <Filter>Header Files</Filter>
    </ClInclude>
    <ClInclude Include="XR1FuelDisplayComponent.h">
      <Filter>Header Files</Filter>
    </ClInclude>
    <ClInclude Include="XR1FuelPostSteps.h">
      <Filter>Header Files</Filter>
    </ClInclude>
    <ClInclude Include="XR1Globals.h">
      <Filter>Header Files</Filter>
    </ClInclude>
    <ClInclude Include="XR1HUD.h">
      <Filter>Header Files</Filter>
    </ClInclude>
    <ClInclude Include="XR1InstrumentPanels.h">
      <Filter>Header Files</Filter>
    </ClInclude>
    <ClInclude Include="XR1LowerPanelAreas.h">
      <Filter>Header Files</Filter>
    </ClInclude>
    <ClInclude Include="XR1LowerPanelComponents.h">
      <Filter>Header Files</Filter>
    </ClInclude>
    <ClInclude Include="XR1MainPanelAreas.h">
      <Filter>Header Files</Filter>
    </ClInclude>
    <ClInclude Include="XR1MainPanelComponents.h">
      <Filter>Header Files</Filter>
    </ClInclude>
    <ClInclude Include="XR1MFDComponent.h">
      <Filter>Header Files</Filter>
    </ClInclude>
    <ClInclude Include="XR1MultiDisplayArea.h">
      <Filter>Header Files</Filter>
    </ClInclude>
    <ClInclude Include="XR1PayloadBay.h">
      <Filter>Header Files</Filter>
    </ClInclude>
    <ClInclude Include="XR1PayloadDialog.h">
      <Filter>Header Files</Filter>
    </ClInclude>
    <ClInclude Include="XR1PayloadScreenAreas.h">
      <Filter>Header Files</Filter>
    </ClInclude>
    <ClInclude Include="XR1PostSteps.h">
      <Filter>Header Files</Filter>
    </ClInclude>
    <ClInclude Include="XR1PrePostStep.h">
      <Filter>Header Files</Filter>
    </ClInclude>
    <ClInclude Include="XR1PreSteps.h">
      <Filter>Header Files</Filter>
    </ClInclude>
    <ClInclude Include="XR1Ramjet.h">
      <Filter>Header Files</Filter>
    </ClInclude>
    <ClInclude Include="XR1ThrottleQuadrantComponents.h">
      <Filter>Header Files</Filter>
    </ClInclude>
    <ClInclude Include="XR1UpperPanelAreas.h">
      <Filter>Header Files</Filter>
    </ClInclude>
    <ClInclude Include="XR1UpperPanelComponents.h">
      <Filter>Header Files</Filter>
    </ClInclude>
    <ClInclude Include="XR1VCPanelAreas.h">
      <Filter>Header Files</Filter>
    </ClInclude>
    <ClInclude Include="..\DeltaGliderXR1\resource.h">
      <Filter>Resource Files</Filter>
    </ClInclude>
    <ClInclude Include="XRCommon_IO.h">
      <Filter>Header Files</Filter>
    </ClInclude>
    <ClInclude Include="XRCommon_DMG.h">
      <Filter>Header Files</Filter>
    </ClInclude>
  </ItemGroup>
</Project>