
Microsoft Visual Studio Solution File, Format Version 12.00
# Visual Studio 15
VisualStudioVersion = 15.0.28307.1000
MinimumVisualStudioVersion = 10.0.40219.1
Project("{8BC9CEB8-8B4A-11D0-8D11-00A0C91BC942}") = "framework", "..\..\framework\framework\framework.vcxproj", "{BD13CC72-C0A7-4EC5-AECB-AA8A3845338B}"
EndProject
Project("{8BC9CEB8-8B4A-11D0-8D11-00A0C91BC942}") = "DeltaGliderXR1", "..\..\DeltaGliderXR1\DeltaGliderXR1\DeltaGliderXR1.vcxproj", "{E2D0F9B1-A35E-40B3-9CD8-6F7B209077CE}"
EndProject
Project("{8BC9CEB8-8B4A-11D0-8D11-00A0C91BC942}") = "XR1Lib", "..\..\DeltaGliderXR1\XR1Lib\XR1Lib.vcxproj", "{B4CD687B-95D0-4636-AAC1-5E6308DC4E73}"
EndProject
Project("{8BC9CEB8-8B4A-11D0-8D11-00A0C91BC942}") = "XR2Ravenstar", "..\..\XR2Ravenstar\XR2Ravenstar\XR2Ravenstar.vcxproj", "{EC9DA46B-48C7-4E23-BADA-DC6886B5C5F5}"
EndProject
Project("{8BC9CEB8-8B4A-11D0-8D11-00A0C91BC942}") = "XR5Vanguard", "..\..\XR5Vanguard\XR5Vanguard\XR5Vanguard.vcxproj", "{D6D81085-96C0-4777-A410-832A482500EC}"
	ProjectSection(ProjectDependencies) = postProject
		{BD13CC72-C0A7-4EC5-AECB-AA8A3845338B} = {BD13CC72-C0A7-4EC5-AECB-AA8A3845338B}
		{B4CD687B-95D0-4636-AAC1-5E6308DC4E73} = {B4CD687B-95D0-4636-AAC1-5E6308DC4E73}
	EndProjectSection
EndProject
Project("{8BC9CEB8-8B4A-11D0-8D11-00A0C91BC942}") = "XRVesselCtrlDemo", "..\..\XRVesselCtrlDemo\XRVesselCtrlDemo.vcxproj", "{70459F7D-722D-47A1-B03A-C1821A808301}"
EndProject
Project("{8BC9CEB8-8B4A-11D0-8D11-00A0C91BC942}") = "XR3Phoenix", "..\..\XR3Phoenix\XR3Phoenix\XR3Phoenix.vcxproj", "{97160EB1-4503-4E49-BEC7-EF03E20C0FB2}"
EndProject
Global
	GlobalSection(SolutionConfigurationPlatforms) = preSolution
		Debug|Win32 = Debug|Win32
		Release|Win32 = Release|Win32
	EndGlobalSection
	GlobalSection(ProjectConfigurationPlatforms) = postSolution
		{BD13CC72-C0A7-4EC5-AECB-AA8A3845338B}.Debug|Win32.ActiveCfg = Debug|Win32
		{BD13CC72-C0A7-4EC5-AECB-AA8A3845338B}.Debug|Win32.Build.0 = Debug|Win32
		{BD13CC72-C0A7-4EC5-AECB-AA8A3845338B}.Release|Win32.ActiveCfg = Release|Win32
		{BD13CC72-C0A7-4EC5-AECB-AA8A3845338B}.Release|Win32.Build.0 = Release|Win32
		{E2D0F9B1-A35E-40B3-9CD8-6F7B209077CE}.Debug|Win32.ActiveCfg = Debug|Win32
		{E2D0F9B1-A35E-40B3-9CD8-6F7B209077CE}.Debug|Win32.Build.0 = Debug|Win32
		{E2D0F9B1-A35E-40B3-9CD8-6F7B209077CE}.Release|Win32.ActiveCfg = Release|Win32
		{E2D0F9B1-A35E-40B3-9CD8-6F7B209077CE}.Release|Win32.Build.0 = Release|Win32
		{B4CD687B-95D0-4636-AAC1-5E6308DC4E73}.Debug|Win32.ActiveCfg = Debug|Win32
		{B4CD687B-95D0-4636-AAC1-5E6308DC4E73}.Debug|Win32.Build.0 = Debug|Win32
		{B4CD687B-95D0-4636-AAC1-5E6308DC4E73}.Release|Win32.ActiveCfg = Release|Win32
		{B4CD687B-95D0-4636-AAC1-5E6308DC4E73}.Release|Win32.Build.0 = Release|Win32
		{EC9DA46B-48C7-4E23-BADA-DC6886B5C5F5}.Debug|Win32.ActiveCfg = Debug|Win32
		{EC9DA46B-48C7-4E23-BADA-DC6886B5C5F5}.Debug|Win32.Build.0 = Debug|Win32
		{EC9DA46B-48C7-4E23-BADA-DC6886B5C5F5}.Release|Win32.ActiveCfg = Release|Win32
		{EC9DA46B-48C7-4E23-BADA-DC6886B5C5F5}.Release|Win32.Build.0 = Release|Win32
		{D6D81085-96C0-4777-A410-832A482500EC}.Debug|Win32.ActiveCfg = Debug|Win32
		{D6D81085-96C0-4777-A410-832A482500EC}.Debug|Win32.Build.0 = Debug|Win32
		{D6D81085-96C0-4777-A410-832A482500EC}.Release|Win32.ActiveCfg = Release|Win32
		{D6D81085-96C0-4777-A410-832A482500EC}.Release|Win32.Build.0 = Release|Win32
		{70459F7D-722D-47A1-B03A-C1821A808301}.Debug|Win32.ActiveCfg = Debug|Win32
		{70459F7D-722D-47A1-B03A-C1821A808301}.Debug|Win32.Build.0 = Debug|Win32
		{70459F7D-722D-47A1-B03A-C1821A808301}.Release|Win32.ActiveCfg = Release|Win32
		{70459F7D-722D-47A1-B03A-C1821A808301}.Release|Win32.Build.0 = Release|Win32
		{97160EB1-4503-4E49-BEC7-EF03E20C0FB2}.Debug|Win32.ActiveCfg = Debug|Win32
		{97160EB1-4503-4E49-BEC7-EF03E20C0FB2}.Debug|Win32.Build.0 = Debug|Win32
		{97160EB1-4503-4E49-BEC7-EF03E20C0FB2}.Release|Win32.ActiveCfg = Release|Win32
		{97160EB1-4503-4E49-BEC7-EF03E20C0FB2}.Release|Win32.Build.0 = Release|Win32
	EndGlobalSection
	GlobalSection(SolutionProperties) = preSolution
		HideSolutionNode = FALSE
	EndGlobalSection
	GlobalSection(ExtensibilityGlobals) = postSolution
		SolutionGuid = {96D0EDDB-E5C9-44FB-91DA-B703BA1DF11A}
	EndGlobalSection
EndGlobal
