<?xml version="1.0" encoding="utf-8"?>
<Project ToolsVersion="4.0" xmlns="http://schemas.microsoft.com/developer/msbuild/2003">
  <ItemGroup>
    <Filter Include="Source Files">
      <UniqueIdentifier>{4FC737F1-C7A5-4376-A066-2A32D752A2FF}</UniqueIdentifier>
      <Extensions>cpp;c;cc;cxx;def;odl;idl;hpj;bat;asm;asmx</Extensions>
    </Filter>
    <Filter Include="Header Files">
      <UniqueIdentifier>{93995380-89BD-4b04-88EB-625FBE52EBFB}</UniqueIdentifier>
      <Extensions>h;hpp;hxx;hm;inl;inc;xsd</Extensions>
    </Filter>
    <Filter Include="Resource Files">
      <UniqueIdentifier>{67DA6AB6-F800-4c08-8B7A-83BB121AAD01}</UniqueIdentifier>
      <Extensions>rc;ico;cur;bmp;dlg;rc2;rct;bin;rgs;gif;jpg;jpeg;jpe;resx;tiff;tif;png;wav</Extensions>
    </Filter>
    <Filter Include="Parser Files">
      <UniqueIdentifier>{33de67aa-10a6-4f6c-bca0-62de3bfcfe67}</UniqueIdentifier>
    </Filter>
  </ItemGroup>
  <ItemGroup>
    <ClCompile Include="XRVCClient.cpp">
      <Filter>Source Files</Filter>
    </ClCompile>
    <ClCompile Include="XRVCMainDialog.cpp">
      <Filter>Source Files</Filter>
    </ClCompile>
    <ClCompile Include="XRVesselCtrlDemo.cpp">
      <Filter>Source Files</Filter>
    </ClCompile>
    <ClCompile Include="ParserTreeNode.cpp">
      <Filter>Parser Files</Filter>
    </ClCompile>
    <ClCompile Include="XRVCClientCommandParser.cpp">
      <Filter>Parser Files</Filter>
    </ClCompile>
    <ClCompile Include="XRVCScriptThread.cpp">
      <Filter>Source Files</Filter>
    </ClCompile>
  </ItemGroup>
  <ItemGroup>
    <ClInclude Include="resource.h">
      <Filter>Header Files</Filter>
    </ClInclude>
    <ClInclude Include="XRVCClient.h">
      <Filter>Header Files</Filter>
    </ClInclude>
    <ClInclude Include="XRVCMainDialog.h">
      <Filter>Header Files</Filter>
    </ClInclude>
    <ClInclude Include="ParserTree.h">
      <Filter>Parser Files</Filter>
    </ClInclude>
    <ClInclude Include="ParserTreeNode.h">
      <Filter>Parser Files</Filter>
    </ClInclude>
    <ClInclude Include="XRVCClientCommandParser.h">
      <Filter>Parser Files</Filter>
    </ClInclude>
    <ClInclude Include="XRVCScriptThread.h">
      <Filter>Header Files</Filter>
    </ClInclude>
    <ClInclude Include="XRVesselCtrl.h">
      <Filter>Header Files</Filter>
    </ClInclude>
  </ItemGroup>
  <ItemGroup>
    <None Include="altealogo2_small.bmp">
      <Filter>Resource Files</Filter>
    </None>
  </ItemGroup>
  <ItemGroup>
    <ResourceCompile Include="XRVesselCtrlDemo.rc">
      <Filter>Resource Files</Filter>
    </ResourceCompile>
  </ItemGroup>
  <ItemGroup>
    <Text Include="..\..\Orbiter\Doc\XRVesselCtrlDemo-readme.txt">
      <Filter>Source Files</Filter>
    </Text>
  </ItemGroup>
</Project>